<Solution>
  <Folder Name="/src/">
    <Project Path="src/ReadStorm.Application/ReadStorm.Application.csproj" />
    <Project Path="src/ReadStorm.Desktop/ReadStorm.Desktop.csproj" />
    <Project Path="src/ReadStorm.Domain/ReadStorm.Domain.csproj" />
    <Project Path="src/ReadStorm.Infrastructure/ReadStorm.Infrastructure.csproj" />
  </Folder>
  <Folder Name="/tests/">
    <Project Path="tests/ReadStorm.Tests/ReadStorm.Tests.csproj" />
  </Folder>
</Solution>
